
Microsoft Visual Studio Solution File, Format Version 12.00
Project("{FAE04EC0-301F-11D3-BF4B-00C04F79EFBC}") = "Tests", "Tests\Tests.csproj", "{E092181C-49E4-46C8-A13F-859F33091E42}"
EndProject
Project("{FAE04EC0-301F-11D3-BF4B-00C04F79EFBC}") = "EnumValidator", "EnumValidator\EnumValidator.csproj", "{3DF3A688-416F-496C-A206-5BB028326D63}"
EndProject
Global
	GlobalSection(SolutionConfigurationPlatforms) = preSolution
		Debug|Any CPU = Debug|Any CPU
		Release|Any CPU = Release|Any CPU
	EndGlobalSection
	GlobalSection(ProjectConfigurationPlatforms) = postSolution
		{E092181C-49E4-46C8-A13F-859F33091E42}.Debug|Any CPU.ActiveCfg = Debug|Any CPU
		{E092181C-49E4-46C8-A13F-859F33091E42}.Debug|Any CPU.Build.0 = Debug|Any CPU
		{E092181C-49E4-46C8-A13F-859F33091E42}.Release|Any CPU.ActiveCfg = Release|Any CPU
		{E092181C-49E4-46C8-A13F-859F33091E42}.Release|Any CPU.Build.0 = Release|Any CPU
		{3DF3A688-416F-496C-A206-5BB028326D63}.Debug|Any CPU.ActiveCfg = Debug|Any CPU
		{3DF3A688-416F-496C-A206-5BB028326D63}.Debug|Any CPU.Build.0 = Debug|Any CPU
		{3DF3A688-416F-496C-A206-5BB028326D63}.Release|Any CPU.ActiveCfg = Release|Any CPU
		{3DF3A688-416F-496C-A206-5BB028326D63}.Release|Any CPU.Build.0 = Release|Any CPU
	EndGlobalSection
EndGlobal
